<?xml version="1.0" encoding="UTF-8" standalone="yes" ?>
<CodeBlocks_project_file>
	<FileVersion major="1" minor="6" />
	<Project>
		<Option title="GlobalIndex" />
		<Option pch_mode="2" />
		<Option compiler="gcc" />
		<Build>
			<Target title="Debug">
				<Option output="bin/Debug/GlobalIndex" prefix_auto="1" extension_auto="1" />
				<Option object_output="obj/Debug/" />
				<Option type="1" />
				<Option compiler="gcc" />
				<Compiler>
					<Add option="-g" />
				</Compiler>
			</Target>
			<Target title="Release">
				<Option output="bin/Release/GlobalIndex" prefix_auto="1" extension_auto="1" />
				<Option object_output="obj/Release/" />
				<Option type="1" />
				<Option compiler="gcc" />
				<Compiler>
					<Add option="-O2" />
				</Compiler>
				<Linker>
					<Add option="-s" />
				</Linker>
			</Target>
		</Build>
		<Compiler>
			<Add option="-Wall" />
			<Add option="-fexceptions" />
		</Compiler>
		<Unit filename="Net/NetController.cpp" />
		<Unit filename="Net/NetController.h" />
		<Unit filename="XML/Atribute.cpp" />
		<Unit filename="XML/Atribute.h" />
		<Unit filename="XML/Compare.cpp" />
		<Unit filename="XML/Compare.h" />
		<Unit filename="XML/Monitor.cpp" />
		<Unit filename="XML/Monitor.h" />
		<Unit filename="XML/Response.h" />
		<Unit filename="XML/Search.cpp" />
		<Unit filename="XML/Search.h" />
		<Unit filename="XML/info.cpp" />
		<Unit filename="XML/info.h" />
		<Unit filename="main.cpp" />
		<Unit filename="pugi/pugiconfig.hpp" />
		<Unit filename="pugi/pugixml.cpp" />
		<Unit filename="pugi/pugixml.hpp" />
		<Extensions>
			<code_completion />
			<debugger />
		</Extensions>
	</Project>
</CodeBlocks_project_file>
